
Microsoft Visual Studio Solution File, Format Version 12.00
# Visual Studio Version 16
VisualStudioVersion = 16.0.32630.194
MinimumVisualStudioVersion = 10.0.40219.1
Project("{FAE04EC0-301F-11D3-BF4B-00C04F79EFBC}") = "ThreadsPriorityTest", "ThreadsPriorityTest.csproj", "{5994607B-2462-45B6-8CD5-F130A97CBDA6}"
EndProject
Global
	GlobalSection(SolutionConfigurationPlatforms) = preSolution
		Debug|Any CPU = Debug|Any CPU
		Release|Any CPU = Release|Any CPU
	EndGlobalSection
	GlobalSection(ProjectConfigurationPlatforms) = postSolution
		{5994607B-2462-45B6-8CD5-F130A97CBDA6}.Debug|Any CPU.ActiveCfg = Debug|Any CPU
		{5994607B-2462-45B6-8CD5-F130A97CBDA6}.Debug|Any CPU.Build.0 = Debug|Any CPU
		{5994607B-2462-45B6-8CD5-F130A97CBDA6}.Release|Any CPU.ActiveCfg = Release|Any CPU
		{5994607B-2462-45B6-8CD5-F130A97CBDA6}.Release|Any CPU.Build.0 = Release|Any CPU
	EndGlobalSection
	GlobalSection(SolutionProperties) = preSolution
		HideSolutionNode = FALSE
	EndGlobalSection
	GlobalSection(ExtensibilityGlobals) = postSolution
		SolutionGuid = {1BF00645-04F5-42F2-B33D-ED071A7E4B9B}
	EndGlobalSection
EndGlobal
