
Microsoft Visual Studio Solution File, Format Version 12.00
# Visual Studio Version 16
VisualStudioVersion = 16.0.31515.178
MinimumVisualStudioVersion = 10.0.40219.1
Project("{FAE04EC0-301F-11D3-BF4B-00C04F79EFBC}") = "2809SKP", "2809SKP\2809SKP.csproj", "{E7BB5E1C-6493-452E-98AF-546A3D986ADF}"
EndProject
Project("{FAE04EC0-301F-11D3-BF4B-00C04F79EFBC}") = "ConcurrentBagQueueStack", "ConcurrentBagQueueStack\ConcurrentBagQueueStack.csproj", "{6DCFB499-AC24-4877-907A-6C6EE2934D0C}"
EndProject
Global
	GlobalSection(SolutionConfigurationPlatforms) = preSolution
		Debug|Any CPU = Debug|Any CPU
		Release|Any CPU = Release|Any CPU
	EndGlobalSection
	GlobalSection(ProjectConfigurationPlatforms) = postSolution
		{E7BB5E1C-6493-452E-98AF-546A3D986ADF}.Debug|Any CPU.ActiveCfg = Debug|Any CPU
		{E7BB5E1C-6493-452E-98AF-546A3D986ADF}.Debug|Any CPU.Build.0 = Debug|Any CPU
		{E7BB5E1C-6493-452E-98AF-546A3D986ADF}.Release|Any CPU.ActiveCfg = Release|Any CPU
		{E7BB5E1C-6493-452E-98AF-546A3D986ADF}.Release|Any CPU.Build.0 = Release|Any CPU
		{6DCFB499-AC24-4877-907A-6C6EE2934D0C}.Debug|Any CPU.ActiveCfg = Debug|Any CPU
		{6DCFB499-AC24-4877-907A-6C6EE2934D0C}.Debug|Any CPU.Build.0 = Debug|Any CPU
		{6DCFB499-AC24-4877-907A-6C6EE2934D0C}.Release|Any CPU.ActiveCfg = Release|Any CPU
		{6DCFB499-AC24-4877-907A-6C6EE2934D0C}.Release|Any CPU.Build.0 = Release|Any CPU
	EndGlobalSection
	GlobalSection(SolutionProperties) = preSolution
		HideSolutionNode = FALSE
	EndGlobalSection
	GlobalSection(ExtensibilityGlobals) = postSolution
		SolutionGuid = {97F3B8C8-39C0-4C6E-9568-BB44656C3E94}
	EndGlobalSection
EndGlobal
