
Microsoft Visual Studio Solution File, Format Version 12.00
# Visual Studio Version 16
VisualStudioVersion = 16.0.32630.194
MinimumVisualStudioVersion = 10.0.40219.1
Project("{FAE04EC0-301F-11D3-BF4B-00C04F79EFBC}") = "Models", "Models\Models.csproj", "{6F9CF507-8DF3-4D27-84AD-7A3114E80A75}"
EndProject
Project("{FAE04EC0-301F-11D3-BF4B-00C04F79EFBC}") = "ViewModelsViews", "ViewModelsViews\ViewModelsViews.csproj", "{69987426-1AFA-4602-A902-8856AEFE0574}"
EndProject
Global
	GlobalSection(SolutionConfigurationPlatforms) = preSolution
		Debug|Any CPU = Debug|Any CPU
		Release|Any CPU = Release|Any CPU
	EndGlobalSection
	GlobalSection(ProjectConfigurationPlatforms) = postSolution
		{6F9CF507-8DF3-4D27-84AD-7A3114E80A75}.Debug|Any CPU.ActiveCfg = Debug|Any CPU
		{6F9CF507-8DF3-4D27-84AD-7A3114E80A75}.Debug|Any CPU.Build.0 = Debug|Any CPU
		{6F9CF507-8DF3-4D27-84AD-7A3114E80A75}.Release|Any CPU.ActiveCfg = Release|Any CPU
		{6F9CF507-8DF3-4D27-84AD-7A3114E80A75}.Release|Any CPU.Build.0 = Release|Any CPU
		{69987426-1AFA-4602-A902-8856AEFE0574}.Debug|Any CPU.ActiveCfg = Debug|Any CPU
		{69987426-1AFA-4602-A902-8856AEFE0574}.Debug|Any CPU.Build.0 = Debug|Any CPU
		{69987426-1AFA-4602-A902-8856AEFE0574}.Release|Any CPU.ActiveCfg = Release|Any CPU
		{69987426-1AFA-4602-A902-8856AEFE0574}.Release|Any CPU.Build.0 = Release|Any CPU
	EndGlobalSection
	GlobalSection(SolutionProperties) = preSolution
		HideSolutionNode = FALSE
	EndGlobalSection
	GlobalSection(ExtensibilityGlobals) = postSolution
		SolutionGuid = {EA08DC00-1257-4FCB-AAFC-D1641DC58ADE}
	EndGlobalSection
EndGlobal
