
Microsoft Visual Studio Solution File, Format Version 12.00
# Visual Studio Version 16
VisualStudioVersion = 16.0.32929.386
MinimumVisualStudioVersion = 10.0.40219.1
Project("{FAE04EC0-301F-11D3-BF4B-00C04F79EFBC}") = "TaskSchedulerVsContext", "TaskSchedulerVsContext.csproj", "{4C244827-4A8B-4EFD-BDEB-09DC0F8377A4}"
EndProject
Global
	GlobalSection(SolutionConfigurationPlatforms) = preSolution
		Debug|Any CPU = Debug|Any CPU
		Release|Any CPU = Release|Any CPU
	EndGlobalSection
	GlobalSection(ProjectConfigurationPlatforms) = postSolution
		{4C244827-4A8B-4EFD-BDEB-09DC0F8377A4}.Debug|Any CPU.ActiveCfg = Debug|Any CPU
		{4C244827-4A8B-4EFD-BDEB-09DC0F8377A4}.Debug|Any CPU.Build.0 = Debug|Any CPU
		{4C244827-4A8B-4EFD-BDEB-09DC0F8377A4}.Release|Any CPU.ActiveCfg = Release|Any CPU
		{4C244827-4A8B-4EFD-BDEB-09DC0F8377A4}.Release|Any CPU.Build.0 = Release|Any CPU
	EndGlobalSection
	GlobalSection(SolutionProperties) = preSolution
		HideSolutionNode = FALSE
	EndGlobalSection
	GlobalSection(ExtensibilityGlobals) = postSolution
		SolutionGuid = {78AFFFEF-C048-4CD7-B818-12F0C5F066F0}
	EndGlobalSection
EndGlobal
