
Microsoft Visual Studio Solution File, Format Version 12.00
# Visual Studio Version 16
VisualStudioVersion = 16.0.32630.194
MinimumVisualStudioVersion = 10.0.40219.1
Project("{FAE04EC0-301F-11D3-BF4B-00C04F79EFBC}") = "Semaphore", "Semaphore.csproj", "{4177D86F-9FB4-492B-9286-8BF859755FE6}"
EndProject
Global
	GlobalSection(SolutionConfigurationPlatforms) = preSolution
		Debug|Any CPU = Debug|Any CPU
		Release|Any CPU = Release|Any CPU
	EndGlobalSection
	GlobalSection(ProjectConfigurationPlatforms) = postSolution
		{4177D86F-9FB4-492B-9286-8BF859755FE6}.Debug|Any CPU.ActiveCfg = Debug|Any CPU
		{4177D86F-9FB4-492B-9286-8BF859755FE6}.Debug|Any CPU.Build.0 = Debug|Any CPU
		{4177D86F-9FB4-492B-9286-8BF859755FE6}.Release|Any CPU.ActiveCfg = Release|Any CPU
		{4177D86F-9FB4-492B-9286-8BF859755FE6}.Release|Any CPU.Build.0 = Release|Any CPU
	EndGlobalSection
	GlobalSection(SolutionProperties) = preSolution
		HideSolutionNode = FALSE
	EndGlobalSection
	GlobalSection(ExtensibilityGlobals) = postSolution
		SolutionGuid = {BF6F5EC6-5503-4E2D-9286-DEE22ED9C817}
	EndGlobalSection
EndGlobal
